
Microsoft Visual Studio Solution File, Format Version 12.00
# Visual Studio Version 17
VisualStudioVersion = 17.2.32526.322
MinimumVisualStudioVersion = 10.0.40219.1
Project("{FAE04EC0-301F-11D3-BF4B-00C04F79EFBC}") = "MassTransitSplitBusesApp", "MassTransitSplitBusesApp\MassTransitSplitBusesApp.csproj", "{EE900AF4-6B19-4EAE-913E-297BA05C8E4B}"
EndProject
Global
	GlobalSection(SolutionConfigurationPlatforms) = preSolution
		Debug|Any CPU = Debug|Any CPU
		Release|Any CPU = Release|Any CPU
	EndGlobalSection
	GlobalSection(ProjectConfigurationPlatforms) = postSolution
		{EE900AF4-6B19-4EAE-913E-297BA05C8E4B}.Debug|Any CPU.ActiveCfg = Debug|Any CPU
		{EE900AF4-6B19-4EAE-913E-297BA05C8E4B}.Debug|Any CPU.Build.0 = Debug|Any CPU
		{EE900AF4-6B19-4EAE-913E-297BA05C8E4B}.Release|Any CPU.ActiveCfg = Release|Any CPU
		{EE900AF4-6B19-4EAE-913E-297BA05C8E4B}.Release|Any CPU.Build.0 = Release|Any CPU
	EndGlobalSection
	GlobalSection(SolutionProperties) = preSolution
		HideSolutionNode = FALSE
	EndGlobalSection
	GlobalSection(ExtensibilityGlobals) = postSolution
		SolutionGuid = {9F38D5C2-E3C9-4166-A033-7A290A4B1FE2}
	EndGlobalSection
EndGlobal
